
Microsoft Visual Studio Solution File, Format Version 12.00
# Visual Studio 15
VisualStudioVersion = 15.0.26430.14
MinimumVisualStudioVersion = 10.0.40219.1
Project("{9A19103F-16F7-4668-BE54-9A1E7A4F7556}") = "Ace.Dfs.Common", "Ace.Dfs.Common\Ace.Dfs.Common.csproj", "{5D49189C-BDB7-4923-8644-4FC6CF4DA023}"
EndProject
Project("{9A19103F-16F7-4668-BE54-9A1E7A4F7556}") = "Ace.Networking", "Ace.Networking\Ace.Networking.csproj", "{04EF25FE-5F43-42F5-9555-44D27FF6F606}"
EndProject
Project("{9A19103F-16F7-4668-BE54-9A1E7A4F7556}") = "Ace.Dfs.Server", "Ace.Dfs.Server\Ace.Dfs.Server.csproj", "{D911A233-699F-4585-832E-151B2C705323}"
EndProject
Project("{9A19103F-16F7-4668-BE54-9A1E7A4F7556}") = "Ace.Dfs.Client", "Ace.Dfs.Client\Ace.Dfs.Client.csproj", "{DEC2C338-1A0C-4521-B670-C1E4DD6A1611}"
EndProject
Project("{FAE04EC0-301F-11D3-BF4B-00C04F79EFBC}") = "Ace.Dfs.TestClient", "Ace.Dfs.TestClient\Ace.Dfs.TestClient.csproj", "{3E87F52E-DB14-46E8-A759-22A5E2F8A142}"
EndProject
Global
	GlobalSection(SolutionConfigurationPlatforms) = preSolution
		Debug|Any CPU = Debug|Any CPU
		Release|Any CPU = Release|Any CPU
	EndGlobalSection
	GlobalSection(ProjectConfigurationPlatforms) = postSolution
		{5D49189C-BDB7-4923-8644-4FC6CF4DA023}.Debug|Any CPU.ActiveCfg = Debug|Any CPU
		{5D49189C-BDB7-4923-8644-4FC6CF4DA023}.Debug|Any CPU.Build.0 = Debug|Any CPU
		{5D49189C-BDB7-4923-8644-4FC6CF4DA023}.Release|Any CPU.ActiveCfg = Release|Any CPU
		{5D49189C-BDB7-4923-8644-4FC6CF4DA023}.Release|Any CPU.Build.0 = Release|Any CPU
		{04EF25FE-5F43-42F5-9555-44D27FF6F606}.Debug|Any CPU.ActiveCfg = Debug|Any CPU
		{04EF25FE-5F43-42F5-9555-44D27FF6F606}.Debug|Any CPU.Build.0 = Debug|Any CPU
		{04EF25FE-5F43-42F5-9555-44D27FF6F606}.Release|Any CPU.ActiveCfg = Release|Any CPU
		{04EF25FE-5F43-42F5-9555-44D27FF6F606}.Release|Any CPU.Build.0 = Release|Any CPU
		{D911A233-699F-4585-832E-151B2C705323}.Debug|Any CPU.ActiveCfg = Debug|Any CPU
		{D911A233-699F-4585-832E-151B2C705323}.Debug|Any CPU.Build.0 = Debug|Any CPU
		{D911A233-699F-4585-832E-151B2C705323}.Release|Any CPU.ActiveCfg = Release|Any CPU
		{D911A233-699F-4585-832E-151B2C705323}.Release|Any CPU.Build.0 = Release|Any CPU
		{DEC2C338-1A0C-4521-B670-C1E4DD6A1611}.Debug|Any CPU.ActiveCfg = Debug|Any CPU
		{DEC2C338-1A0C-4521-B670-C1E4DD6A1611}.Debug|Any CPU.Build.0 = Debug|Any CPU
		{DEC2C338-1A0C-4521-B670-C1E4DD6A1611}.Release|Any CPU.ActiveCfg = Release|Any CPU
		{DEC2C338-1A0C-4521-B670-C1E4DD6A1611}.Release|Any CPU.Build.0 = Release|Any CPU
		{3E87F52E-DB14-46E8-A759-22A5E2F8A142}.Debug|Any CPU.ActiveCfg = Debug|Any CPU
		{3E87F52E-DB14-46E8-A759-22A5E2F8A142}.Debug|Any CPU.Build.0 = Debug|Any CPU
		{3E87F52E-DB14-46E8-A759-22A5E2F8A142}.Release|Any CPU.ActiveCfg = Release|Any CPU
		{3E87F52E-DB14-46E8-A759-22A5E2F8A142}.Release|Any CPU.Build.0 = Release|Any CPU
	EndGlobalSection
	GlobalSection(SolutionProperties) = preSolution
		HideSolutionNode = FALSE
	EndGlobalSection
EndGlobal
